// !$*UTF8*$!
{
	archiveVersion = 1;
	classes = {
	};
	objectVersion = 48;
	objects = {

/* Begin PBXBuildFile section */
		623BA49920CCB56A0052613D /* TableViewController.swift in Sources */ = {isa = PBXBuildFile; fileRef = 623BA49820CCB56A0052613D /* TableViewController.swift */; };
		623BA49B20CCB5E90052613D /* ImageTableViewCell.swift in Sources */ = {isa = PBXBuildFile; fileRef = 623BA49A20CCB5E90052613D /* ImageTableViewCell.swift */; };
		623BA49D20CCBA680052613D /* ImageViewController.swift in Sources */ = {isa = PBXBuildFile; fileRef = 623BA49C20CCBA680052613D /* ImageViewController.swift */; };
		623BA49F20CCBE6D0052613D /* AddCellViewController.swift in Sources */ = {isa = PBXBuildFile; fileRef = 623BA49E20CCBE6D0052613D /* AddCellViewController.swift */; };
		628ABB8520CCAE7A0075381D /* AppDelegate.swift in Sources */ = {isa = PBXBuildFile; fileRef = 628ABB8420CCAE7A0075381D /* AppDelegate.swift */; };
		628ABB8A20CCAE7A0075381D /* Main.storyboard in Resources */ = {isa = PBXBuildFile; fileRef = 628ABB8820CCAE7A0075381D /* Main.storyboard */; };
		628ABB8C20CCAE7A0075381D /* Assets.xcassets in Resources */ = {isa = PBXBuildFile; fileRef = 628ABB8B20CCAE7A0075381D /* Assets.xcassets */; };
		628ABB8F20CCAE7A0075381D /* LaunchScreen.storyboard in Resources */ = {isa = PBXBuildFile; fileRef = 628ABB8D20CCAE7A0075381D /* LaunchScreen.storyboard */; };
/* End PBXBuildFile section */

/* Begin PBXFileReference section */
		623BA49820CCB56A0052613D /* TableViewController.swift */ = {isa = PBXFileReference; lastKnownFileType = sourcecode.swift; path = TableViewController.swift; sourceTree = "<group>"; };
		623BA49A20CCB5E90052613D /* ImageTableViewCell.swift */ = {isa = PBXFileReference; lastKnownFileType = sourcecode.swift; path = ImageTableViewCell.swift; sourceTree = "<group>"; };
		623BA49C20CCBA680052613D /* ImageViewController.swift */ = {isa = PBXFileReference; lastKnownFileType = sourcecode.swift; path = ImageViewController.swift; sourceTree = "<group>"; };
		623BA49E20CCBE6D0052613D /* AddCellViewController.swift */ = {isa = PBXFileReference; lastKnownFileType = sourcecode.swift; path = AddCellViewController.swift; sourceTree = "<group>"; };
		628ABB8120CCAE7A0075381D /* UCAS_05.app */ = {isa = PBXFileReference; explicitFileType = wrapper.application; includeInIndex = 0; path = UCAS_05.app; sourceTree = BUILT_PRODUCTS_DIR; };
		628ABB8420CCAE7A0075381D /* AppDelegate.swift */ = {isa = PBXFileReference; lastKnownFileType = sourcecode.swift; path = AppDelegate.swift; sourceTree = "<group>"; };
		628ABB8920CCAE7A0075381D /* Base */ = {isa = PBXFileReference; lastKnownFileType = file.storyboard; name = Base; path = Base.lproj/Main.storyboard; sourceTree = "<group>"; };
		628ABB8B20CCAE7A0075381D /* Assets.xcassets */ = {isa = PBXFileReference; lastKnownFileType = folder.assetcatalog; path = Assets.xcassets; sourceTree = "<group>"; };
		628ABB8E20CCAE7A0075381D /* Base */ = {isa = PBXFileReference; lastKnownFileType = file.storyboard; name = Base; path = Base.lproj/LaunchScreen.storyboard; sourceTree = "<group>"; };
		628ABB9020CCAE7A0075381D /* Info.plist */ = {isa = PBXFileReference; lastKnownFileType = text.plist.xml; path = Info.plist; sourceTree = "<group>"; };
/* End PBXFileReference section */

/* Begin PBXFrameworksBuildPhase section */
		628ABB7E20CCAE7A0075381D /* Frameworks */ = {
			isa = PBXFrameworksBuildPhase;
			buildActionMask = 2147483647;
			files = (
			);
			runOnlyForDeploymentPostprocessing = 0;
		};
/* End PBXFrameworksBuildPhase section */

/* Begin PBXGroup section */
		623BA49720CCB5040052613D /* Resource */ = {
			isa = PBXGroup;
			children = (
				628ABB8B20CCAE7A0075381D /* Assets.xcassets */,
				628ABB8D20CCAE7A0075381D /* LaunchScreen.storyboard */,
			);
			name = Resource;
			sourceTree = "<group>";
		};
		628ABB7820CCAE7A0075381D = {
			isa = PBXGroup;
			children = (
				623BA49720CCB5040052613D /* Resource */,
				628ABB8320CCAE7A0075381D /* UCAS_05 */,
				628ABB8220CCAE7A0075381D /* Products */,
			);
			sourceTree = "<group>";
		};
		628ABB8220CCAE7A0075381D /* Products */ = {
			isa = PBXGroup;
			children = (
				628ABB8120CCAE7A0075381D /* UCAS_05.app */,
			);
			name = Products;
			sourceTree = "<group>";
		};
		628ABB8320CCAE7A0075381D /* UCAS_05 */ = {
			isa = PBXGroup;
			children = (
				628ABB8420CCAE7A0075381D /* AppDelegate.swift */,
				623BA49820CCB56A0052613D /* TableViewController.swift */,
				623BA49C20CCBA680052613D /* ImageViewController.swift */,
				623BA49E20CCBE6D0052613D /* AddCellViewController.swift */,
				623BA49A20CCB5E90052613D /* ImageTableViewCell.swift */,
				628ABB8820CCAE7A0075381D /* Main.storyboard */,
				628ABB9020CCAE7A0075381D /* Info.plist */,
			);
			path = UCAS_05;
			sourceTree = "<group>";
		};
/* End PBXGroup section */

/* Begin PBXNativeTarget section */
		628ABB8020CCAE7A0075381D /* UCAS_05 */ = {
			isa = PBXNativeTarget;
			buildConfigurationList = 628ABB9320CCAE7A0075381D /* Build configuration list for PBXNativeTarget "UCAS_05" */;
			buildPhases = (
				628ABB7D20CCAE7A0075381D /* Sources */,
				628ABB7E20CCAE7A0075381D /* Frameworks */,
				628ABB7F20CCAE7A0075381D /* Resources */,
			);
			buildRules = (
			);
			dependencies = (
			);
			name = UCAS_05;
			productName = UCAS_05;
			productReference = 628ABB8120CCAE7A0075381D /* UCAS_05.app */;
			productType = "com.apple.product-type.application";
		};
/* End PBXNativeTarget section */

/* Begin PBXProject section */
		628ABB7920CCAE7A0075381D /* Project object */ = {
			isa = PBXProject;
			attributes = {
				LastSwiftUpdateCheck = 0920;
				LastUpgradeCheck = 0920;
				ORGANIZATIONNAME = lizhonghuan;
				TargetAttributes = {
					628ABB8020CCAE7A0075381D = {
						CreatedOnToolsVersion = 9.2;
						ProvisioningStyle = Automatic;
					};
				};
			};
			buildConfigurationList = 628ABB7C20CCAE7A0075381D /* Build configuration list for PBXProject "UCAS_05" */;
			compatibilityVersion = "Xcode 8.0";
			developmentRegion = en;
			hasScannedForEncodings = 0;
			knownRegions = (
				en,
				Base,
			);
			mainGroup = 628ABB7820CCAE7A0075381D;
			productRefGroup = 628ABB8220CCAE7A0075381D /* Products */;
			projectDirPath = "";
			projectRoot = "";
			targets = (
				628ABB8020CCAE7A0075381D /* UCAS_05 */,
			);
		};
/* End PBXProject section */

/* Begin PBXResourcesBuildPhase section */
		628ABB7F20CCAE7A0075381D /* Resources */ = {
			isa = PBXResourcesBuildPhase;
			buildActionMask = 2147483647;
			files = (
				628ABB8F20CCAE7A0075381D /* LaunchScreen.storyboard in Resources */,
				628ABB8C20CCAE7A0075381D /* Assets.xcassets in Resources */,
				628ABB8A20CCAE7A0075381D /* Main.storyboard in Resources */,
			);
			runOnlyForDeploymentPostprocessing = 0;
		};
/* End PBXResourcesBuildPhase section */

/* Begin PBXSourcesBuildPhase section */
		628ABB7D20CCAE7A0075381D /* Sources */ = {
			isa = PBXSourcesBuildPhase;
			buildActionMask = 2147483647;
			files = (
				623BA49B20CCB5E90052613D /* ImageTableViewCell.swift in Sources */,
				623BA49920CCB56A0052613D /* TableViewController.swift in Sources */,
				623BA49D20CCBA680052613D /* ImageViewController.swift in Sources */,
				628ABB8520CCAE7A0075381D /* AppDelegate.swift in Sources */,
				623BA49F20CCBE6D0052613D /* AddCellViewController.swift in Sources */,
			);
			runOnlyForDeploymentPostprocessing = 0;
		};
/* End PBXSourcesBuildPhase section */

/* Begin PBXVariantGroup section */
		628ABB8820CCAE7A0075381D /* Main.storyboard */ = {
			isa = PBXVariantGroup;
			children = (
				628ABB8920CCAE7A0075381D /* Base */,
			);
			name = Main.storyboard;
			sourceTree = "<group>";
		};
		628ABB8D20CCAE7A0075381D /* LaunchScreen.storyboard */ = {
			isa = PBXVariantGroup;
			children = (
				628ABB8E20CCAE7A0075381D /* Base */,
			);
			name = LaunchScreen.storyboard;
			sourceTree = "<group>";
		};
/* End PBXVariantGroup section */

/* Begin XCBuildConfiguration section */
		628ABB9120CCAE7A0075381D /* Debug */ = {
			isa = XCBuildConfiguration;
			buildSettings = {
				ALWAYS_SEARCH_USER_PATHS = NO;
				CLANG_ANALYZER_NONNULL = YES;
				CLANG_ANALYZER_NUMBER_OBJECT_CONVERSION = YES_AGGRESSIVE;
				CLANG_CXX_LANGUAGE_STANDARD = "gnu++14";
				CLANG_CXX_LIBRARY = "libc++";
				CLANG_ENABLE_MODULES = YES;
				CLANG_ENABLE_OBJC_ARC = YES;
				CLANG_WARN_BLOCK_CAPTURE_AUTORELEASING = YES;
				CLANG_WARN_BOOL_CONVERSION = YES;
				CLANG_WARN_COMMA = YES;
				CLANG_WARN_CONSTANT_CONVERSION = YES;
				CLANG_WARN_DIRECT_OBJC_ISA_USAGE = YES_ERROR;
				CLANG_WARN_DOCUMENTATION_COMMENTS = YES;
				CLANG_WARN_EMPTY_BODY = YES;
				CLANG_WARN_ENUM_CONVERSION = YES;
				CLANG_WARN_INFINITE_RECURSION = YES;
				CLANG_WARN_INT_CONVERSION = YES;
				CLANG_WARN_NON_LITERAL_NULL_CONVERSION = YES;
				CLANG_WARN_OBJC_LITERAL_CONVERSION = YES;
				CLANG_WARN_OBJC_ROOT_CLASS = YES_ERROR;
				CLANG_WARN_RANGE_LOOP_ANALYSIS = YES;
				CLANG_WARN_STRICT_PROTOTYPES = YES;
				CLANG_WARN_SUSPICIOUS_MOVE = YES;
				CLANG_WARN_UNGUARDED_AVAILABILITY = YES_AGGRESSIVE;
				CLANG_WARN_UNREACHABLE_CODE = YES;
				CLANG_WARN__DUPLICATE_METHOD_MATCH = YES;
				CODE_SIGN_IDENTITY = "iPhone Developer";
				COPY_PHASE_STRIP = NO;
				DEBUG_INFORMATION_FORMAT = dwarf;
				ENABLE_STRICT_OBJC_MSGSEND = YES;
				ENABLE_TESTABILITY = YES;
				GCC_C_LANGUAGE_STANDARD = gnu11;
				GCC_DYNAMIC_NO_PIC = NO;
				GCC_NO_COMMON_BLOCKS = YES;
				GCC_OPTIMIZATION_LEVEL = 0;
				GCC_PREPROCESSOR_DEFINITIONS = (
					"DEBUG=1",
					"$(inherited)",
				);
				GCC_WARN_64_TO_32_BIT_CONVERSION = YES;
				GCC_WARN_ABOUT_RETURN_TYPE = YES_ERROR;
				GCC_WARN_UNDECLARED_SELECTOR = YES;
				GCC_WARN_UNINITIALIZED_AUTOS = YES_AGGRESSIVE;
				GCC_WARN_UNUSED_FUNCTION = YES;
				GCC_WARN_UNUSED_VARIABLE = YES;
				IPHONEOS_DEPLOYMENT_TARGET = 11.2;
				MTL_ENABLE_DEBUG_INFO = YES;
				ONLY_ACTIVE_ARCH = YES;
				SDKROOT = iphoneos;
				SWIFT_ACTIVE_COMPILATION_CONDITIONS = DEBUG;
				SWIFT_OPTIMIZATION_LEVEL = "-Onone";
			};
			name = Debug;
		};
		628ABB9220CCAE7A0075381D /* Release */ = {
			isa = XCBuildConfiguration;
			buildSettings = {
				ALWAYS_SEARCH_USER_PATHS = NO;
				CLANG_ANALYZER_NONNULL = YES;
				CLANG_ANALYZER_NUMBER_OBJECT_CONVERSION = YES_AGGRESSIVE;
				CLANG_CXX_LANGUAGE_STANDARD = "gnu++14";
				CLANG_CXX_LIBRARY = "libc++";
				CLANG_ENABLE_MODULES = YES;
				CLANG_ENABLE_OBJC_ARC = YES;
				CLANG_WARN_BLOCK_CAPTURE_AUTORELEASING = YES;
				CLANG_WARN_BOOL_CONVERSION = YES;
				CLANG_WARN_COMMA = YES;
				CLANG_WARN_CONSTANT_CONVERSION = YES;
				CLANG_WARN_DIRECT_OBJC_ISA_USAGE = YES_ERROR;
				CLANG_WARN_DOCUMENTATION_COMMENTS = YES;
				CLANG_WARN_EMPTY_BODY = YES;
				CLANG_WARN_ENUM_CONVERSION = YES;
				CLANG_WARN_INFINITE_RECURSION = YES;
				CLANG_WARN_INT_CONVERSION = YES;
				CLANG_WARN_NON_LITERAL_NULL_CONVERSION = YES;
				CLANG_WARN_OBJC_LITERAL_CONVERSION = YES;
				CLANG_WARN_OBJC_ROOT_CLASS = YES_ERROR;
				CLANG_WARN_RANGE_LOOP_ANALYSIS = YES;
				CLANG_WARN_STRICT_PROTOTYPES = YES;
				CLANG_WARN_SUSPICIOUS_MOVE = YES;
				CLANG_WARN_UNGUARDED_AVAILABILITY = YES_AGGRESSIVE;
				CLANG_WARN_UNREACHABLE_CODE = YES;
				CLANG_WARN__DUPLICATE_METHOD_MATCH = YES;
				CODE_SIGN_IDENTITY = "iPhone Developer";
				COPY_PHASE_STRIP = NO;
				DEBUG_INFORMATION_FORMAT = "dwarf-with-dsym";
				ENABLE_NS_ASSERTIONS = NO;
				ENABLE_STRICT_OBJC_MSGSEND = YES;
				GCC_C_LANGUAGE_STANDARD = gnu11;
				GCC_NO_COMMON_BLOCKS = YES;
				GCC_WARN_64_TO_32_BIT_CONVERSION = YES;
				GCC_WARN_ABOUT_RETURN_TYPE = YES_ERROR;
				GCC_WARN_UNDECLARED_SELECTOR = YES;
				GCC_WARN_UNINITIALIZED_AUTOS = YES_AGGRESSIVE;
				GCC_WARN_UNUSED_FUNCTION = YES;
				GCC_WARN_UNUSED_VARIABLE = YES;
				IPHONEOS_DEPLOYMENT_TARGET = 11.2;
				MTL_ENABLE_DEBUG_INFO = NO;
				SDKROOT = iphoneos;
				SWIFT_OPTIMIZATION_LEVEL = "-Owholemodule";
				VALIDATE_PRODUCT = YES;
			};
			name = Release;
		};
		628ABB9420CCAE7A0075381D /* Debug */ = {
			isa = XCBuildConfiguration;
			buildSettings = {
				ASSETCATALOG_COMPILER_APPICON_NAME = AppIcon;
				CODE_SIGN_STYLE = Automatic;
				DEVELOPMENT_TEAM = 472P9J8R6U;
				INFOPLIST_FILE = UCAS_05/Info.plist;
				LD_RUNPATH_SEARCH_PATHS = "$(inherited) @executable_path/Frameworks";
				PRODUCT_BUNDLE_IDENTIFIER = "ucas.2017Z8009061078.UCAS-05";
				PRODUCT_NAME = "$(TARGET_NAME)";
				SWIFT_VERSION = 4.0;
				TARGETED_DEVICE_FAMILY = "1,2";
			};
			name = Debug;
		};
		628ABB9520CCAE7A0075381D /* Release */ = {
			isa = XCBuildConfiguration;
			buildSettings = {
				ASSETCATALOG_COMPILER_APPICON_NAME = AppIcon;
				CODE_SIGN_STYLE = Automatic;
				DEVELOPMENT_TEAM = 472P9J8R6U;
				INFOPLIST_FILE = UCAS_05/Info.plist;
				LD_RUNPATH_SEARCH_PATHS = "$(inherited) @executable_path/Frameworks";
				PRODUCT_BUNDLE_IDENTIFIER = "ucas.2017Z8009061078.UCAS-05";
				PRODUCT_NAME = "$(TARGET_NAME)";
				SWIFT_VERSION = 4.0;
				TARGETED_DEVICE_FAMILY = "1,2";
			};
			name = Release;
		};
/* End XCBuildConfiguration section */

/* Begin XCConfigurationList section */
		628ABB7C20CCAE7A0075381D /* Build configuration list for PBXProject "UCAS_05" */ = {
			isa = XCConfigurationList;
			buildConfigurations = (
				628ABB9120CCAE7A0075381D /* Debug */,
				628ABB9220CCAE7A0075381D /* Release */,
			);
			defaultConfigurationIsVisible = 0;
			defaultConfigurationName = Release;
		};
		628ABB9320CCAE7A0075381D /* Build configuration list for PBXNativeTarget "UCAS_05" */ = {
			isa = XCConfigurationList;
			buildConfigurations = (
				628ABB9420CCAE7A0075381D /* Debug */,
				628ABB9520CCAE7A0075381D /* Release */,
			);
			defaultConfigurationIsVisible = 0;
			defaultConfigurationName = Release;
		};
/* End XCConfigurationList section */
	};
	rootObject = 628ABB7920CCAE7A0075381D /* Project object */;
}
