// !$*UTF8*$!
{
	archiveVersion = 1;
	classes = {
	};
	objectVersion = 46;
	objects = {

/* Begin PBXBuildFile section */
		7584D5541CAF8A34007D179D /* AppDelegate.swift in Sources */ = {isa = PBXBuildFile; fileRef = 7584D5531CAF8A34007D179D /* AppDelegate.swift */; };
		7584D5561CAF8A34007D179D /* ViewController.swift in Sources */ = {isa = PBXBuildFile; fileRef = 7584D5551CAF8A34007D179D /* ViewController.swift */; };
		7584D5591CAF8A34007D179D /* Main.storyboard in Resources */ = {isa = PBXBuildFile; fileRef = 7584D5571CAF8A34007D179D /* Main.storyboard */; };
		7584D55B1CAF8A34007D179D /* Assets.xcassets in Resources */ = {isa = PBXBuildFile; fileRef = 7584D55A1CAF8A34007D179D /* Assets.xcassets */; };
		7584D55E1CAF8A34007D179D /* LaunchScreen.storyboard in Resources */ = {isa = PBXBuildFile; fileRef = 7584D55C1CAF8A34007D179D /* LaunchScreen.storyboard */; };
		7584D5671CAF8A46007D179D /* AaNet.swift in Sources */ = {isa = PBXBuildFile; fileRef = 7584D5651CAF8A46007D179D /* AaNet.swift */; };
		7584D5681CAF8A46007D179D /* AaHTTP.swift in Sources */ = {isa = PBXBuildFile; fileRef = 7584D5661CAF8A46007D179D /* AaHTTP.swift */; };
/* End PBXBuildFile section */

/* Begin PBXFileReference section */
		7584D5501CAF8A34007D179D /* AaHttpDemo.app */ = {isa = PBXFileReference; explicitFileType = wrapper.application; includeInIndex = 0; path = AaHttpDemo.app; sourceTree = BUILT_PRODUCTS_DIR; };
		7584D5531CAF8A34007D179D /* AppDelegate.swift */ = {isa = PBXFileReference; lastKnownFileType = sourcecode.swift; path = AppDelegate.swift; sourceTree = "<group>"; };
		7584D5551CAF8A34007D179D /* ViewController.swift */ = {isa = PBXFileReference; lastKnownFileType = sourcecode.swift; path = ViewController.swift; sourceTree = "<group>"; };
		7584D5581CAF8A34007D179D /* Base */ = {isa = PBXFileReference; lastKnownFileType = file.storyboard; name = Base; path = Base.lproj/Main.storyboard; sourceTree = "<group>"; };
		7584D55A1CAF8A34007D179D /* Assets.xcassets */ = {isa = PBXFileReference; lastKnownFileType = folder.assetcatalog; path = Assets.xcassets; sourceTree = "<group>"; };
		7584D55D1CAF8A34007D179D /* Base */ = {isa = PBXFileReference; lastKnownFileType = file.storyboard; name = Base; path = Base.lproj/LaunchScreen.storyboard; sourceTree = "<group>"; };
		7584D55F1CAF8A34007D179D /* Info.plist */ = {isa = PBXFileReference; lastKnownFileType = text.plist.xml; path = Info.plist; sourceTree = "<group>"; };
		7584D5651CAF8A46007D179D /* AaNet.swift */ = {isa = PBXFileReference; fileEncoding = 4; lastKnownFileType = sourcecode.swift; path = AaNet.swift; sourceTree = "<group>"; };
		7584D5661CAF8A46007D179D /* AaHTTP.swift */ = {isa = PBXFileReference; fileEncoding = 4; lastKnownFileType = sourcecode.swift; path = AaHTTP.swift; sourceTree = "<group>"; };
/* End PBXFileReference section */

/* Begin PBXFrameworksBuildPhase section */
		7584D54D1CAF8A34007D179D /* Frameworks */ = {
			isa = PBXFrameworksBuildPhase;
			buildActionMask = 2147483647;
			files = (
			);
			runOnlyForDeploymentPostprocessing = 0;
		};
/* End PBXFrameworksBuildPhase section */

/* Begin PBXGroup section */
		7584D5471CAF8A34007D179D = {
			isa = PBXGroup;
			children = (
				7584D5521CAF8A34007D179D /* AaHttpDemo */,
				7584D5511CAF8A34007D179D /* Products */,
			);
			sourceTree = "<group>";
		};
		7584D5511CAF8A34007D179D /* Products */ = {
			isa = PBXGroup;
			children = (
				7584D5501CAF8A34007D179D /* AaHttpDemo.app */,
			);
			name = Products;
			sourceTree = "<group>";
		};
		7584D5521CAF8A34007D179D /* AaHttpDemo */ = {
			isa = PBXGroup;
			children = (
				7584D5651CAF8A46007D179D /* AaNet.swift */,
				7584D5661CAF8A46007D179D /* AaHTTP.swift */,
				7584D5531CAF8A34007D179D /* AppDelegate.swift */,
				7584D5551CAF8A34007D179D /* ViewController.swift */,
				7584D5571CAF8A34007D179D /* Main.storyboard */,
				7584D55A1CAF8A34007D179D /* Assets.xcassets */,
				7584D55C1CAF8A34007D179D /* LaunchScreen.storyboard */,
				7584D55F1CAF8A34007D179D /* Info.plist */,
			);
			path = AaHttpDemo;
			sourceTree = "<group>";
		};
/* End PBXGroup section */

/* Begin PBXNativeTarget section */
		7584D54F1CAF8A34007D179D /* AaHttpDemo */ = {
			isa = PBXNativeTarget;
			buildConfigurationList = 7584D5621CAF8A34007D179D /* Build configuration list for PBXNativeTarget "AaHttpDemo" */;
			buildPhases = (
				7584D54C1CAF8A34007D179D /* Sources */,
				7584D54D1CAF8A34007D179D /* Frameworks */,
				7584D54E1CAF8A34007D179D /* Resources */,
			);
			buildRules = (
			);
			dependencies = (
			);
			name = AaHttpDemo;
			productName = AaHttpDemo;
			productReference = 7584D5501CAF8A34007D179D /* AaHttpDemo.app */;
			productType = "com.apple.product-type.application";
		};
/* End PBXNativeTarget section */

/* Begin PBXProject section */
		7584D5481CAF8A34007D179D /* Project object */ = {
			isa = PBXProject;
			attributes = {
				LastSwiftUpdateCheck = 0730;
				LastUpgradeCheck = 0730;
				ORGANIZATIONNAME = aaaron7;
				TargetAttributes = {
					7584D54F1CAF8A34007D179D = {
						CreatedOnToolsVersion = 7.3;
					};
				};
			};
			buildConfigurationList = 7584D54B1CAF8A34007D179D /* Build configuration list for PBXProject "AaHttpDemo" */;
			compatibilityVersion = "Xcode 3.2";
			developmentRegion = English;
			hasScannedForEncodings = 0;
			knownRegions = (
				en,
				Base,
			);
			mainGroup = 7584D5471CAF8A34007D179D;
			productRefGroup = 7584D5511CAF8A34007D179D /* Products */;
			projectDirPath = "";
			projectRoot = "";
			targets = (
				7584D54F1CAF8A34007D179D /* AaHttpDemo */,
			);
		};
/* End PBXProject section */

/* Begin PBXResourcesBuildPhase section */
		7584D54E1CAF8A34007D179D /* Resources */ = {
			isa = PBXResourcesBuildPhase;
			buildActionMask = 2147483647;
			files = (
				7584D55E1CAF8A34007D179D /* LaunchScreen.storyboard in Resources */,
				7584D55B1CAF8A34007D179D /* Assets.xcassets in Resources */,
				7584D5591CAF8A34007D179D /* Main.storyboard in Resources */,
			);
			runOnlyForDeploymentPostprocessing = 0;
		};
/* End PBXResourcesBuildPhase section */

/* Begin PBXSourcesBuildPhase section */
		7584D54C1CAF8A34007D179D /* Sources */ = {
			isa = PBXSourcesBuildPhase;
			buildActionMask = 2147483647;
			files = (
				7584D5671CAF8A46007D179D /* AaNet.swift in Sources */,
				7584D5681CAF8A46007D179D /* AaHTTP.swift in Sources */,
				7584D5561CAF8A34007D179D /* ViewController.swift in Sources */,
				7584D5541CAF8A34007D179D /* AppDelegate.swift in Sources */,
			);
			runOnlyForDeploymentPostprocessing = 0;
		};
/* End PBXSourcesBuildPhase section */

/* Begin PBXVariantGroup section */
		7584D5571CAF8A34007D179D /* Main.storyboard */ = {
			isa = PBXVariantGroup;
			children = (
				7584D5581CAF8A34007D179D /* Base */,
			);
			name = Main.storyboard;
			sourceTree = "<group>";
		};
		7584D55C1CAF8A34007D179D /* LaunchScreen.storyboard */ = {
			isa = PBXVariantGroup;
			children = (
				7584D55D1CAF8A34007D179D /* Base */,
			);
			name = LaunchScreen.storyboard;
			sourceTree = "<group>";
		};
/* End PBXVariantGroup section */

/* Begin XCBuildConfiguration section */
		7584D5601CAF8A34007D179D /* Debug */ = {
			isa = XCBuildConfiguration;
			buildSettings = {
				ALWAYS_SEARCH_USER_PATHS = NO;
				CLANG_ANALYZER_NONNULL = YES;
				CLANG_CXX_LANGUAGE_STANDARD = "gnu++0x";
				CLANG_CXX_LIBRARY = "libc++";
				CLANG_ENABLE_MODULES = YES;
				CLANG_ENABLE_OBJC_ARC = YES;
				CLANG_WARN_BOOL_CONVERSION = YES;
				CLANG_WARN_CONSTANT_CONVERSION = YES;
				CLANG_WARN_DIRECT_OBJC_ISA_USAGE = YES_ERROR;
				CLANG_WARN_EMPTY_BODY = YES;
				CLANG_WARN_ENUM_CONVERSION = YES;
				CLANG_WARN_INT_CONVERSION = YES;
				CLANG_WARN_OBJC_ROOT_CLASS = YES_ERROR;
				CLANG_WARN_UNREACHABLE_CODE = YES;
				CLANG_WARN__DUPLICATE_METHOD_MATCH = YES;
				"CODE_SIGN_IDENTITY[sdk=iphoneos*]" = "iPhone Developer";
				COPY_PHASE_STRIP = NO;
				DEBUG_INFORMATION_FORMAT = dwarf;
				ENABLE_STRICT_OBJC_MSGSEND = YES;
				ENABLE_TESTABILITY = YES;
				GCC_C_LANGUAGE_STANDARD = gnu99;
				GCC_DYNAMIC_NO_PIC = NO;
				GCC_NO_COMMON_BLOCKS = YES;
				GCC_OPTIMIZATION_LEVEL = 0;
				GCC_PREPROCESSOR_DEFINITIONS = (
					"DEBUG=1",
					"$(inherited)",
				);
				GCC_WARN_64_TO_32_BIT_CONVERSION = YES;
				GCC_WARN_ABOUT_RETURN_TYPE = YES_ERROR;
				GCC_WARN_UNDECLARED_SELECTOR = YES;
				GCC_WARN_UNINITIALIZED_AUTOS = YES_AGGRESSIVE;
				GCC_WARN_UNUSED_FUNCTION = YES;
				GCC_WARN_UNUSED_VARIABLE = YES;
				IPHONEOS_DEPLOYMENT_TARGET = 9.3;
				MTL_ENABLE_DEBUG_INFO = YES;
				ONLY_ACTIVE_ARCH = YES;
				SDKROOT = iphoneos;
				SWIFT_OPTIMIZATION_LEVEL = "-Onone";
			};
			name = Debug;
		};
		7584D5611CAF8A34007D179D /* Release */ = {
			isa = XCBuildConfiguration;
			buildSettings = {
				ALWAYS_SEARCH_USER_PATHS = NO;
				CLANG_ANALYZER_NONNULL = YES;
				CLANG_CXX_LANGUAGE_STANDARD = "gnu++0x";
				CLANG_CXX_LIBRARY = "libc++";
				CLANG_ENABLE_MODULES = YES;
				CLANG_ENABLE_OBJC_ARC = YES;
				CLANG_WARN_BOOL_CONVERSION = YES;
				CLANG_WARN_CONSTANT_CONVERSION = YES;
				CLANG_WARN_DIRECT_OBJC_ISA_USAGE = YES_ERROR;
				CLANG_WARN_EMPTY_BODY = YES;
				CLANG_WARN_ENUM_CONVERSION = YES;
				CLANG_WARN_INT_CONVERSION = YES;
				CLANG_WARN_OBJC_ROOT_CLASS = YES_ERROR;
				CLANG_WARN_UNREACHABLE_CODE = YES;
				CLANG_WARN__DUPLICATE_METHOD_MATCH = YES;
				"CODE_SIGN_IDENTITY[sdk=iphoneos*]" = "iPhone Developer";
				COPY_PHASE_STRIP = NO;
				DEBUG_INFORMATION_FORMAT = "dwarf-with-dsym";
				ENABLE_NS_ASSERTIONS = NO;
				ENABLE_STRICT_OBJC_MSGSEND = YES;
				GCC_C_LANGUAGE_STANDARD = gnu99;
				GCC_NO_COMMON_BLOCKS = YES;
				GCC_WARN_64_TO_32_BIT_CONVERSION = YES;
				GCC_WARN_ABOUT_RETURN_TYPE = YES_ERROR;
				GCC_WARN_UNDECLARED_SELECTOR = YES;
				GCC_WARN_UNINITIALIZED_AUTOS = YES_AGGRESSIVE;
				GCC_WARN_UNUSED_FUNCTION = YES;
				GCC_WARN_UNUSED_VARIABLE = YES;
				IPHONEOS_DEPLOYMENT_TARGET = 9.3;
				MTL_ENABLE_DEBUG_INFO = NO;
				SDKROOT = iphoneos;
				VALIDATE_PRODUCT = YES;
			};
			name = Release;
		};
		7584D5631CAF8A34007D179D /* Debug */ = {
			isa = XCBuildConfiguration;
			buildSettings = {
				ASSETCATALOG_COMPILER_APPICON_NAME = AppIcon;
				INFOPLIST_FILE = AaHttpDemo/Info.plist;
				LD_RUNPATH_SEARCH_PATHS = "$(inherited) @executable_path/Frameworks";
				PRODUCT_BUNDLE_IDENTIFIER = aaaron7.AaHttpDemo;
				PRODUCT_NAME = "$(TARGET_NAME)";
			};
			name = Debug;
		};
		7584D5641CAF8A34007D179D /* Release */ = {
			isa = XCBuildConfiguration;
			buildSettings = {
				ASSETCATALOG_COMPILER_APPICON_NAME = AppIcon;
				INFOPLIST_FILE = AaHttpDemo/Info.plist;
				LD_RUNPATH_SEARCH_PATHS = "$(inherited) @executable_path/Frameworks";
				PRODUCT_BUNDLE_IDENTIFIER = aaaron7.AaHttpDemo;
				PRODUCT_NAME = "$(TARGET_NAME)";
			};
			name = Release;
		};
/* End XCBuildConfiguration section */

/* Begin XCConfigurationList section */
		7584D54B1CAF8A34007D179D /* Build configuration list for PBXProject "AaHttpDemo" */ = {
			isa = XCConfigurationList;
			buildConfigurations = (
				7584D5601CAF8A34007D179D /* Debug */,
				7584D5611CAF8A34007D179D /* Release */,
			);
			defaultConfigurationIsVisible = 0;
			defaultConfigurationName = Release;
		};
		7584D5621CAF8A34007D179D /* Build configuration list for PBXNativeTarget "AaHttpDemo" */ = {
			isa = XCConfigurationList;
			buildConfigurations = (
				7584D5631CAF8A34007D179D /* Debug */,
				7584D5641CAF8A34007D179D /* Release */,
			);
			defaultConfigurationIsVisible = 0;
		};
/* End XCConfigurationList section */
	};
	rootObject = 7584D5481CAF8A34007D179D /* Project object */;
}
